
Microsoft Visual Studio Solution File, Format Version 12.00
# Visual Studio Version 17
VisualStudioVersion = 17.4.33213.308
MinimumVisualStudioVersion = 10.0.40219.1
Project("{8BC9CEB8-8B4A-11D0-8D11-00A0C91BC942}") = "Actions", "Actions\Actions.vcxproj", "{DBE5668B-8D3A-46F0-8D8D-96A9A6B99F8A}"
EndProject
Project("{8BC9CEB8-8B4A-11D0-8D11-00A0C91BC942}") = "DriverTest", "DriverTest\DriverTest.vcxproj", "{25BA1932-4E8B-4792-BEAD-084D4874B969}"
EndProject
Project("{8BC9CEB8-8B4A-11D0-8D11-00A0C91BC942}") = "Driver", "Driver\Driver.vcxproj", "{8FB49DD6-B936-4264-9756-63450FB3A829}"
EndProject
Global
	GlobalSection(SolutionConfigurationPlatforms) = preSolution
		Debug|x64 = Debug|x64
		Debug|x86 = Debug|x86
		Release|x64 = Release|x64
		Release|x86 = Release|x86
	EndGlobalSection
	GlobalSection(ProjectConfigurationPlatforms) = postSolution
		{DBE5668B-8D3A-46F0-8D8D-96A9A6B99F8A}.Debug|x64.ActiveCfg = Debug|x64
		{DBE5668B-8D3A-46F0-8D8D-96A9A6B99F8A}.Debug|x64.Build.0 = Debug|x64
		{DBE5668B-8D3A-46F0-8D8D-96A9A6B99F8A}.Debug|x86.ActiveCfg = Debug|Win32
		{DBE5668B-8D3A-46F0-8D8D-96A9A6B99F8A}.Debug|x86.Build.0 = Debug|Win32
		{DBE5668B-8D3A-46F0-8D8D-96A9A6B99F8A}.Release|x64.ActiveCfg = Release|x64
		{DBE5668B-8D3A-46F0-8D8D-96A9A6B99F8A}.Release|x64.Build.0 = Release|x64
		{DBE5668B-8D3A-46F0-8D8D-96A9A6B99F8A}.Release|x86.ActiveCfg = Release|Win32
		{DBE5668B-8D3A-46F0-8D8D-96A9A6B99F8A}.Release|x86.Build.0 = Release|Win32
		{25BA1932-4E8B-4792-BEAD-084D4874B969}.Debug|x64.ActiveCfg = Debug|x64
		{25BA1932-4E8B-4792-BEAD-084D4874B969}.Debug|x64.Build.0 = Debug|x64
		{25BA1932-4E8B-4792-BEAD-084D4874B969}.Debug|x86.ActiveCfg = Debug|Win32
		{25BA1932-4E8B-4792-BEAD-084D4874B969}.Debug|x86.Build.0 = Debug|Win32
		{25BA1932-4E8B-4792-BEAD-084D4874B969}.Release|x64.ActiveCfg = Release|x64
		{25BA1932-4E8B-4792-BEAD-084D4874B969}.Release|x64.Build.0 = Release|x64
		{25BA1932-4E8B-4792-BEAD-084D4874B969}.Release|x86.ActiveCfg = Release|Win32
		{25BA1932-4E8B-4792-BEAD-084D4874B969}.Release|x86.Build.0 = Release|Win32
		{8FB49DD6-B936-4264-9756-63450FB3A829}.Debug|x64.ActiveCfg = Debug|x64
		{8FB49DD6-B936-4264-9756-63450FB3A829}.Debug|x64.Build.0 = Debug|x64
		{8FB49DD6-B936-4264-9756-63450FB3A829}.Debug|x86.ActiveCfg = Debug|Win32
		{8FB49DD6-B936-4264-9756-63450FB3A829}.Debug|x86.Build.0 = Debug|Win32
		{8FB49DD6-B936-4264-9756-63450FB3A829}.Release|x64.ActiveCfg = Release|x64
		{8FB49DD6-B936-4264-9756-63450FB3A829}.Release|x64.Build.0 = Release|x64
		{8FB49DD6-B936-4264-9756-63450FB3A829}.Release|x86.ActiveCfg = Release|Win32
		{8FB49DD6-B936-4264-9756-63450FB3A829}.Release|x86.Build.0 = Release|Win32
	EndGlobalSection
	GlobalSection(SolutionProperties) = preSolution
		HideSolutionNode = FALSE
	EndGlobalSection
	GlobalSection(ExtensibilityGlobals) = postSolution
		SolutionGuid = {B29FD330-CF3B-411E-8F47-E68B1A829CBA}
	EndGlobalSection
EndGlobal
